
Microsoft Visual Studio Solution File, Format Version 12.00
# Visual Studio 15
VisualStudioVersion = 15.0.27703.2047
MinimumVisualStudioVersion = 10.0.40219.1
Project("{9A19103F-16F7-4668-BE54-9A1E7A4F7556}") = "RTMService", "RTMService\RTMService.csproj", "{58CF0A82-4037-42EB-9EC1-3056F3AAA711}"
EndProject
Project("{FAE04EC0-301F-11D3-BF4B-00C04F79EFBC}") = "ChatUnitTesting", "ChatUnitTesting\ChatUnitTesting.csproj", "{1BC622C7-FB32-4324-8437-7C480DE967C0}"
EndProject
Global
	GlobalSection(SolutionConfigurationPlatforms) = preSolution
		Debug|Any CPU = Debug|Any CPU
		Release|Any CPU = Release|Any CPU
	EndGlobalSection
	GlobalSection(ProjectConfigurationPlatforms) = postSolution
		{58CF0A82-4037-42EB-9EC1-3056F3AAA711}.Debug|Any CPU.ActiveCfg = Debug|Any CPU
		{58CF0A82-4037-42EB-9EC1-3056F3AAA711}.Debug|Any CPU.Build.0 = Debug|Any CPU
		{58CF0A82-4037-42EB-9EC1-3056F3AAA711}.Release|Any CPU.ActiveCfg = Release|Any CPU
		{58CF0A82-4037-42EB-9EC1-3056F3AAA711}.Release|Any CPU.Build.0 = Release|Any CPU
		{1BC622C7-FB32-4324-8437-7C480DE967C0}.Debug|Any CPU.ActiveCfg = Debug|Any CPU
		{1BC622C7-FB32-4324-8437-7C480DE967C0}.Debug|Any CPU.Build.0 = Debug|Any CPU
		{1BC622C7-FB32-4324-8437-7C480DE967C0}.Release|Any CPU.ActiveCfg = Release|Any CPU
		{1BC622C7-FB32-4324-8437-7C480DE967C0}.Release|Any CPU.Build.0 = Release|Any CPU
	EndGlobalSection
	GlobalSection(SolutionProperties) = preSolution
		HideSolutionNode = FALSE
	EndGlobalSection
	GlobalSection(ExtensibilityGlobals) = postSolution
		SolutionGuid = {D143F8B2-D10B-4937-B84B-26D2F0998554}
	EndGlobalSection
EndGlobal
